// !$*UTF8*$!
{
	archiveVersion = 1;
	classes = {
	};
	objectVersion = 77;
	objects = {

/* Begin PBXBuildFile section */
		D4197F582DAE4EB9003C2F8D /* favicon.ico in Resources */ = {isa = PBXBuildFile; fileRef = D4197F572DAE4EB9003C2F8D /* favicon.ico */; };
		D4197F592DAE4EB9003C2F8D /* apple-touch-icon-precomposed.png in Resources */ = {isa = PBXBuildFile; fileRef = D4197F562DAE4EB9003C2F8D /* apple-touch-icon-precomposed.png */; };
		D4197F5A2DAE4EB9003C2F8D /* apple-touch-icon.png in Resources */ = {isa = PBXBuildFile; fileRef = D4197F552DAE4EB9003C2F8D /* apple-touch-icon.png */; };
		D457F9DE2DAC751400B5EF2E /* .gitignore in Resources */ = {isa = PBXBuildFile; fileRef = D457F9DD2DAC750100B5EF2E /* .gitignore */; };
		D45A55132DAF20D600629ED6 /* index.js in Resources */ = {isa = PBXBuildFile; fileRef = D45A55122DAF20D600629ED6 /* index.js */; };
		D4ECA4AD2DA8C54F007985B8 /* dictionary.js in Resources */ = {isa = PBXBuildFile; fileRef = D4ECA4AC2DA8C536007985B8 /* dictionary.js */; };
		D4ECA4AF2DA8CB9B007985B8 /* V9Lib.sqlite in Resources */ = {isa = PBXBuildFile; fileRef = D4ECA4AE2DA8CB9B007985B8 /* V9Lib.sqlite */; };
		D4F7CE292DA797FE00230CB9 /* stylesheet.css in Resources */ = {isa = PBXBuildFile; fileRef = D4F7CE282DA797FE00230CB9 /* stylesheet.css */; };
		D4F7CE2B2DA7A9E300230CB9 /* Home.html in Resources */ = {isa = PBXBuildFile; fileRef = D4F7CE2A2DA7A9D200230CB9 /* Home.html */; };
		D4F7CE2D2DA7B20300230CB9 /* Dictionary.html in Resources */ = {isa = PBXBuildFile; fileRef = D4F7CE2C2DA7B1F100230CB9 /* Dictionary.html */; };
/* End PBXBuildFile section */

/* Begin PBXFileReference section */
		D4197F552DAE4EB9003C2F8D /* apple-touch-icon.png */ = {isa = PBXFileReference; lastKnownFileType = image.png; path = "apple-touch-icon.png"; sourceTree = "<group>"; };
		D4197F562DAE4EB9003C2F8D /* apple-touch-icon-precomposed.png */ = {isa = PBXFileReference; lastKnownFileType = image.png; path = "apple-touch-icon-precomposed.png"; sourceTree = "<group>"; };
		D4197F572DAE4EB9003C2F8D /* favicon.ico */ = {isa = PBXFileReference; lastKnownFileType = image.ico; path = favicon.ico; sourceTree = "<group>"; };
		D457F9DD2DAC750100B5EF2E /* .gitignore */ = {isa = PBXFileReference; lastKnownFileType = text; path = .gitignore; sourceTree = "<group>"; };
		D45A55122DAF20D600629ED6 /* index.js */ = {isa = PBXFileReference; lastKnownFileType = sourcecode.javascript; path = index.js; sourceTree = "<group>"; };
		D4ECA4AC2DA8C536007985B8 /* dictionary.js */ = {isa = PBXFileReference; lastKnownFileType = sourcecode.javascript; path = dictionary.js; sourceTree = "<group>"; };
		D4ECA4AE2DA8CB9B007985B8 /* V9Lib.sqlite */ = {isa = PBXFileReference; lastKnownFileType = file; path = V9Lib.sqlite; sourceTree = "<group>"; };
		D4F7CE172DA794F100230CB9 /* MyApps.app */ = {isa = PBXFileReference; explicitFileType = wrapper.application; includeInIndex = 0; path = MyApps.app; sourceTree = BUILT_PRODUCTS_DIR; };
		D4F7CE282DA797FE00230CB9 /* stylesheet.css */ = {isa = PBXFileReference; lastKnownFileType = text.css; path = stylesheet.css; sourceTree = "<group>"; };
		D4F7CE2A2DA7A9D200230CB9 /* Home.html */ = {isa = PBXFileReference; lastKnownFileType = text.html; path = Home.html; sourceTree = "<group>"; };
		D4F7CE2C2DA7B1F100230CB9 /* Dictionary.html */ = {isa = PBXFileReference; lastKnownFileType = text.html; path = Dictionary.html; sourceTree = "<group>"; };
/* End PBXFileReference section */

/* Begin PBXFileSystemSynchronizedRootGroup section */
		D4F7CE192DA794F100230CB9 /* MyApps */ = {
			isa = PBXFileSystemSynchronizedRootGroup;
			path = MyApps;
			sourceTree = "<group>";
		};
/* End PBXFileSystemSynchronizedRootGroup section */

/* Begin PBXFrameworksBuildPhase section */
		D4F7CE142DA794F100230CB9 /* Frameworks */ = {
			isa = PBXFrameworksBuildPhase;
			buildActionMask = 2147483647;
			files = (
			);
			runOnlyForDeploymentPostprocessing = 0;
		};
/* End PBXFrameworksBuildPhase section */

/* Begin PBXGroup section */
		D4F7CE0E2DA794F100230CB9 = {
			isa = PBXGroup;
			children = (
				D45A55122DAF20D600629ED6 /* index.js */,
				D4197F552DAE4EB9003C2F8D /* apple-touch-icon.png */,
				D4197F562DAE4EB9003C2F8D /* apple-touch-icon-precomposed.png */,
				D4197F572DAE4EB9003C2F8D /* favicon.ico */,
				D457F9DD2DAC750100B5EF2E /* .gitignore */,
				D4ECA4AE2DA8CB9B007985B8 /* V9Lib.sqlite */,
				D4ECA4AC2DA8C536007985B8 /* dictionary.js */,
				D4F7CE2C2DA7B1F100230CB9 /* Dictionary.html */,
				D4F7CE2A2DA7A9D200230CB9 /* Home.html */,
				D4F7CE282DA797FE00230CB9 /* stylesheet.css */,
				D4F7CE192DA794F100230CB9 /* MyApps */,
				D4F7CE182DA794F100230CB9 /* Products */,
			);
			sourceTree = "<group>";
		};
		D4F7CE182DA794F100230CB9 /* Products */ = {
			isa = PBXGroup;
			children = (
				D4F7CE172DA794F100230CB9 /* MyApps.app */,
			);
			name = Products;
			sourceTree = "<group>";
		};
/* End PBXGroup section */

/* Begin PBXNativeTarget section */
		D4F7CE162DA794F100230CB9 /* MyApps */ = {
			isa = PBXNativeTarget;
			buildConfigurationList = D4F7CE252DA794F300230CB9 /* Build configuration list for PBXNativeTarget "MyApps" */;
			buildPhases = (
				D4F7CE132DA794F100230CB9 /* Sources */,
				D4F7CE142DA794F100230CB9 /* Frameworks */,
				D4F7CE152DA794F100230CB9 /* Resources */,
			);
			buildRules = (
			);
			dependencies = (
			);
			fileSystemSynchronizedGroups = (
				D4F7CE192DA794F100230CB9 /* MyApps */,
			);
			name = MyApps;
			packageProductDependencies = (
			);
			productName = MyApps;
			productReference = D4F7CE172DA794F100230CB9 /* MyApps.app */;
			productType = "com.apple.product-type.application";
		};
/* End PBXNativeTarget section */

/* Begin PBXProject section */
		D4F7CE0F2DA794F100230CB9 /* Project object */ = {
			isa = PBXProject;
			attributes = {
				BuildIndependentTargetsInParallel = 1;
				LastSwiftUpdateCheck = 1620;
				LastUpgradeCheck = 1620;
				TargetAttributes = {
					D4F7CE162DA794F100230CB9 = {
						CreatedOnToolsVersion = 16.2;
					};
				};
			};
			buildConfigurationList = D4F7CE122DA794F100230CB9 /* Build configuration list for PBXProject "MyApps" */;
			developmentRegion = en;
			hasScannedForEncodings = 0;
			knownRegions = (
				en,
				Base,
			);
			mainGroup = D4F7CE0E2DA794F100230CB9;
			minimizedProjectReferenceProxies = 1;
			preferredProjectObjectVersion = 77;
			productRefGroup = D4F7CE182DA794F100230CB9 /* Products */;
			projectDirPath = "";
			projectRoot = "";
			targets = (
				D4F7CE162DA794F100230CB9 /* MyApps */,
			);
		};
/* End PBXProject section */

/* Begin PBXResourcesBuildPhase section */
		D4F7CE152DA794F100230CB9 /* Resources */ = {
			isa = PBXResourcesBuildPhase;
			buildActionMask = 2147483647;
			files = (
				D457F9DE2DAC751400B5EF2E /* .gitignore in Resources */,
				D45A55132DAF20D600629ED6 /* index.js in Resources */,
				D4F7CE2B2DA7A9E300230CB9 /* Home.html in Resources */,
				D4F7CE2D2DA7B20300230CB9 /* Dictionary.html in Resources */,
				D4ECA4AF2DA8CB9B007985B8 /* V9Lib.sqlite in Resources */,
				D4ECA4AD2DA8C54F007985B8 /* dictionary.js in Resources */,
				D4197F582DAE4EB9003C2F8D /* favicon.ico in Resources */,
				D4197F592DAE4EB9003C2F8D /* apple-touch-icon-precomposed.png in Resources */,
				D4197F5A2DAE4EB9003C2F8D /* apple-touch-icon.png in Resources */,
				D4F7CE292DA797FE00230CB9 /* stylesheet.css in Resources */,
			);
			runOnlyForDeploymentPostprocessing = 0;
		};
/* End PBXResourcesBuildPhase section */

/* Begin PBXSourcesBuildPhase section */
		D4F7CE132DA794F100230CB9 /* Sources */ = {
			isa = PBXSourcesBuildPhase;
			buildActionMask = 2147483647;
			files = (
			);
			runOnlyForDeploymentPostprocessing = 0;
		};
/* End PBXSourcesBuildPhase section */

/* Begin XCBuildConfiguration section */
		D4F7CE232DA794F300230CB9 /* Debug */ = {
			isa = XCBuildConfiguration;
			buildSettings = {
				ALWAYS_SEARCH_USER_PATHS = NO;
				ASSETCATALOG_COMPILER_GENERATE_SWIFT_ASSET_SYMBOL_EXTENSIONS = YES;
				CLANG_ANALYZER_NONNULL = YES;
				CLANG_ANALYZER_NUMBER_OBJECT_CONVERSION = YES_AGGRESSIVE;
				CLANG_CXX_LANGUAGE_STANDARD = "gnu++20";
				CLANG_ENABLE_MODULES = YES;
				CLANG_ENABLE_OBJC_ARC = YES;
				CLANG_ENABLE_OBJC_WEAK = YES;
				CLANG_WARN_BLOCK_CAPTURE_AUTORELEASING = YES;
				CLANG_WARN_BOOL_CONVERSION = YES;
				CLANG_WARN_COMMA = YES;
				CLANG_WARN_CONSTANT_CONVERSION = YES;
				CLANG_WARN_DEPRECATED_OBJC_IMPLEMENTATIONS = YES;
				CLANG_WARN_DIRECT_OBJC_ISA_USAGE = YES_ERROR;
				CLANG_WARN_DOCUMENTATION_COMMENTS = YES;
				CLANG_WARN_EMPTY_BODY = YES;
				CLANG_WARN_ENUM_CONVERSION = YES;
				CLANG_WARN_INFINITE_RECURSION = YES;
				CLANG_WARN_INT_CONVERSION = YES;
				CLANG_WARN_NON_LITERAL_NULL_CONVERSION = YES;
				CLANG_WARN_OBJC_IMPLICIT_RETAIN_SELF = YES;
				CLANG_WARN_OBJC_LITERAL_CONVERSION = YES;
				CLANG_WARN_OBJC_ROOT_CLASS = YES_ERROR;
				CLANG_WARN_QUOTED_INCLUDE_IN_FRAMEWORK_HEADER = YES;
				CLANG_WARN_RANGE_LOOP_ANALYSIS = YES;
				CLANG_WARN_STRICT_PROTOTYPES = YES;
				CLANG_WARN_SUSPICIOUS_MOVE = YES;
				CLANG_WARN_UNGUARDED_AVAILABILITY = YES_AGGRESSIVE;
				CLANG_WARN_UNREACHABLE_CODE = YES;
				CLANG_WARN__DUPLICATE_METHOD_MATCH = YES;
				COPY_PHASE_STRIP = NO;
				DEBUG_INFORMATION_FORMAT = dwarf;
				ENABLE_STRICT_OBJC_MSGSEND = YES;
				ENABLE_TESTABILITY = YES;
				ENABLE_USER_SCRIPT_SANDBOXING = YES;
				GCC_C_LANGUAGE_STANDARD = gnu17;
				GCC_DYNAMIC_NO_PIC = NO;
				GCC_NO_COMMON_BLOCKS = YES;
				GCC_OPTIMIZATION_LEVEL = 0;
				GCC_PREPROCESSOR_DEFINITIONS = (
					"DEBUG=1",
					"$(inherited)",
				);
				GCC_WARN_64_TO_32_BIT_CONVERSION = YES;
				GCC_WARN_ABOUT_RETURN_TYPE = YES_ERROR;
				GCC_WARN_UNDECLARED_SELECTOR = YES;
				GCC_WARN_UNINITIALIZED_AUTOS = YES_AGGRESSIVE;
				GCC_WARN_UNUSED_FUNCTION = YES;
				GCC_WARN_UNUSED_VARIABLE = YES;
				IPHONEOS_DEPLOYMENT_TARGET = 18.2;
				LOCALIZATION_PREFERS_STRING_CATALOGS = YES;
				MTL_ENABLE_DEBUG_INFO = INCLUDE_SOURCE;
				MTL_FAST_MATH = YES;
				ONLY_ACTIVE_ARCH = YES;
				SDKROOT = iphoneos;
				SWIFT_ACTIVE_COMPILATION_CONDITIONS = "DEBUG $(inherited)";
				SWIFT_OPTIMIZATION_LEVEL = "-Onone";
			};
			name = Debug;
		};
		D4F7CE242DA794F300230CB9 /* Release */ = {
			isa = XCBuildConfiguration;
			buildSettings = {
				ALWAYS_SEARCH_USER_PATHS = NO;
				ASSETCATALOG_COMPILER_GENERATE_SWIFT_ASSET_SYMBOL_EXTENSIONS = YES;
				CLANG_ANALYZER_NONNULL = YES;
				CLANG_ANALYZER_NUMBER_OBJECT_CONVERSION = YES_AGGRESSIVE;
				CLANG_CXX_LANGUAGE_STANDARD = "gnu++20";
				CLANG_ENABLE_MODULES = YES;
				CLANG_ENABLE_OBJC_ARC = YES;
				CLANG_ENABLE_OBJC_WEAK = YES;
				CLANG_WARN_BLOCK_CAPTURE_AUTORELEASING = YES;
				CLANG_WARN_BOOL_CONVERSION = YES;
				CLANG_WARN_COMMA = YES;
				CLANG_WARN_CONSTANT_CONVERSION = YES;
				CLANG_WARN_DEPRECATED_OBJC_IMPLEMENTATIONS = YES;
				CLANG_WARN_DIRECT_OBJC_ISA_USAGE = YES_ERROR;
				CLANG_WARN_DOCUMENTATION_COMMENTS = YES;
				CLANG_WARN_EMPTY_BODY = YES;
				CLANG_WARN_ENUM_CONVERSION = YES;
				CLANG_WARN_INFINITE_RECURSION = YES;
				CLANG_WARN_INT_CONVERSION = YES;
				CLANG_WARN_NON_LITERAL_NULL_CONVERSION = YES;
				CLANG_WARN_OBJC_IMPLICIT_RETAIN_SELF = YES;
				CLANG_WARN_OBJC_LITERAL_CONVERSION = YES;
				CLANG_WARN_OBJC_ROOT_CLASS = YES_ERROR;
				CLANG_WARN_QUOTED_INCLUDE_IN_FRAMEWORK_HEADER = YES;
				CLANG_WARN_RANGE_LOOP_ANALYSIS = YES;
				CLANG_WARN_STRICT_PROTOTYPES = YES;
				CLANG_WARN_SUSPICIOUS_MOVE = YES;
				CLANG_WARN_UNGUARDED_AVAILABILITY = YES_AGGRESSIVE;
				CLANG_WARN_UNREACHABLE_CODE = YES;
				CLANG_WARN__DUPLICATE_METHOD_MATCH = YES;
				COPY_PHASE_STRIP = NO;
				DEBUG_INFORMATION_FORMAT = "dwarf-with-dsym";
				ENABLE_NS_ASSERTIONS = NO;
				ENABLE_STRICT_OBJC_MSGSEND = YES;
				ENABLE_USER_SCRIPT_SANDBOXING = YES;
				GCC_C_LANGUAGE_STANDARD = gnu17;
				GCC_NO_COMMON_BLOCKS = YES;
				GCC_WARN_64_TO_32_BIT_CONVERSION = YES;
				GCC_WARN_ABOUT_RETURN_TYPE = YES_ERROR;
				GCC_WARN_UNDECLARED_SELECTOR = YES;
				GCC_WARN_UNINITIALIZED_AUTOS = YES_AGGRESSIVE;
				GCC_WARN_UNUSED_FUNCTION = YES;
				GCC_WARN_UNUSED_VARIABLE = YES;
				IPHONEOS_DEPLOYMENT_TARGET = 18.2;
				LOCALIZATION_PREFERS_STRING_CATALOGS = YES;
				MTL_ENABLE_DEBUG_INFO = NO;
				MTL_FAST_MATH = YES;
				SDKROOT = iphoneos;
				SWIFT_COMPILATION_MODE = wholemodule;
				VALIDATE_PRODUCT = YES;
			};
			name = Release;
		};
		D4F7CE262DA794F300230CB9 /* Debug */ = {
			isa = XCBuildConfiguration;
			buildSettings = {
				ASSETCATALOG_COMPILER_APPICON_NAME = AppIcon;
				ASSETCATALOG_COMPILER_GLOBAL_ACCENT_COLOR_NAME = AccentColor;
				CODE_SIGN_STYLE = Automatic;
				CURRENT_PROJECT_VERSION = 1;
				DEVELOPMENT_ASSET_PATHS = "\"MyApps/Preview Content\"";
				DEVELOPMENT_TEAM = WMLR9YRBA8;
				ENABLE_PREVIEWS = YES;
				GENERATE_INFOPLIST_FILE = YES;
				INFOPLIST_KEY_UIApplicationSceneManifest_Generation = YES;
				INFOPLIST_KEY_UIApplicationSupportsIndirectInputEvents = YES;
				INFOPLIST_KEY_UILaunchScreen_Generation = YES;
				INFOPLIST_KEY_UISupportedInterfaceOrientations_iPad = "UIInterfaceOrientationPortrait UIInterfaceOrientationPortraitUpsideDown UIInterfaceOrientationLandscapeLeft UIInterfaceOrientationLandscapeRight";
				INFOPLIST_KEY_UISupportedInterfaceOrientations_iPhone = "UIInterfaceOrientationPortrait UIInterfaceOrientationLandscapeLeft UIInterfaceOrientationLandscapeRight";
				LD_RUNPATH_SEARCH_PATHS = (
					"$(inherited)",
					"@executable_path/Frameworks",
				);
				MARKETING_VERSION = 1.0;
				PRODUCT_BUNDLE_IDENTIFIER = victor9.MyApps;
				PRODUCT_NAME = "$(TARGET_NAME)";
				SWIFT_EMIT_LOC_STRINGS = YES;
				SWIFT_VERSION = 5.0;
				TARGETED_DEVICE_FAMILY = "1,2";
			};
			name = Debug;
		};
		D4F7CE272DA794F300230CB9 /* Release */ = {
			isa = XCBuildConfiguration;
			buildSettings = {
				ASSETCATALOG_COMPILER_APPICON_NAME = AppIcon;
				ASSETCATALOG_COMPILER_GLOBAL_ACCENT_COLOR_NAME = AccentColor;
				CODE_SIGN_STYLE = Automatic;
				CURRENT_PROJECT_VERSION = 1;
				DEVELOPMENT_ASSET_PATHS = "\"MyApps/Preview Content\"";
				DEVELOPMENT_TEAM = WMLR9YRBA8;
				ENABLE_PREVIEWS = YES;
				GENERATE_INFOPLIST_FILE = YES;
				INFOPLIST_KEY_UIApplicationSceneManifest_Generation = YES;
				INFOPLIST_KEY_UIApplicationSupportsIndirectInputEvents = YES;
				INFOPLIST_KEY_UILaunchScreen_Generation = YES;
				INFOPLIST_KEY_UISupportedInterfaceOrientations_iPad = "UIInterfaceOrientationPortrait UIInterfaceOrientationPortraitUpsideDown UIInterfaceOrientationLandscapeLeft UIInterfaceOrientationLandscapeRight";
				INFOPLIST_KEY_UISupportedInterfaceOrientations_iPhone = "UIInterfaceOrientationPortrait UIInterfaceOrientationLandscapeLeft UIInterfaceOrientationLandscapeRight";
				LD_RUNPATH_SEARCH_PATHS = (
					"$(inherited)",
					"@executable_path/Frameworks",
				);
				MARKETING_VERSION = 1.0;
				PRODUCT_BUNDLE_IDENTIFIER = victor9.MyApps;
				PRODUCT_NAME = "$(TARGET_NAME)";
				SWIFT_EMIT_LOC_STRINGS = YES;
				SWIFT_VERSION = 5.0;
				TARGETED_DEVICE_FAMILY = "1,2";
			};
			name = Release;
		};
/* End XCBuildConfiguration section */

/* Begin XCConfigurationList section */
		D4F7CE122DA794F100230CB9 /* Build configuration list for PBXProject "MyApps" */ = {
			isa = XCConfigurationList;
			buildConfigurations = (
				D4F7CE232DA794F300230CB9 /* Debug */,
				D4F7CE242DA794F300230CB9 /* Release */,
			);
			defaultConfigurationIsVisible = 0;
			defaultConfigurationName = Release;
		};
		D4F7CE252DA794F300230CB9 /* Build configuration list for PBXNativeTarget "MyApps" */ = {
			isa = XCConfigurationList;
			buildConfigurations = (
				D4F7CE262DA794F300230CB9 /* Debug */,
				D4F7CE272DA794F300230CB9 /* Release */,
			);
			defaultConfigurationIsVisible = 0;
			defaultConfigurationName = Release;
		};
/* End XCConfigurationList section */
	};
	rootObject = D4F7CE0F2DA794F100230CB9 /* Project object */;
}
